<?xml version="1.0" encoding="utf-8"?>
<Project ToolsVersion="4.0" xmlns="http://schemas.microsoft.com/developer/msbuild/2003">
  <ItemGroup>
    <Filter Include="リソース ファイル">
      <UniqueIdentifier>{67DA6AB6-F800-4c08-8B7A-83BB121AAD01}</UniqueIdentifier>
      <Extensions>rc;ico;cur;bmp;dlg;rc2;rct;bin;rgs;gif;jpg;jpeg;jpe;resx;tiff;tif;png;wav;mfcribbon-ms</Extensions>
    </Filter>
    <Filter Include="リソース ファイル\PixelShader">
      <UniqueIdentifier>{a9755fd2-e8f8-4e2e-854e-68fcfb6a9b68}</UniqueIdentifier>
    </Filter>
    <Filter Include="リソース ファイル\VertexShader">
      <UniqueIdentifier>{e4c96e83-672c-4720-aa96-8ee0c9525558}</UniqueIdentifier>
    </Filter>
    <Filter Include="Scene">
      <UniqueIdentifier>{c3e0025d-d744-4505-964a-4b8ad1c6d63b}</UniqueIdentifier>
    </Filter>
    <Filter Include="System">
      <UniqueIdentifier>{13a0a5a6-8597-4c90-a269-2c5508fabb22}</UniqueIdentifier>
    </Filter>
    <Filter Include="Startup">
      <UniqueIdentifier>{62fd9dcc-d30c-4256-bfb5-7aa87a83f7a4}</UniqueIdentifier>
    </Filter>
    <Filter Include="Manager">
      <UniqueIdentifier>{d40ceab9-aa7e-435d-aa18-64121a52a33f}</UniqueIdentifier>
    </Filter>
    <Filter Include="GameObject">
      <UniqueIdentifier>{6d2991bf-3656-4198-8ffe-deb8ff44f481}</UniqueIdentifier>
    </Filter>
    <Filter Include="GameObject\Camera">
      <UniqueIdentifier>{fe8a2bbd-cadf-4262-a1e1-1128e5d6aa1c}</UniqueIdentifier>
    </Filter>
    <Filter Include="GameObject\Camera\Base">
      <UniqueIdentifier>{fa782f64-35a8-47d6-8932-0794be7e44cb}</UniqueIdentifier>
    </Filter>
    <Filter Include="GameObject\Light">
      <UniqueIdentifier>{8329c15d-9aed-4e3d-9f5d-a5b16c04590c}</UniqueIdentifier>
    </Filter>
    <Filter Include="GameObject\Light\Base">
      <UniqueIdentifier>{ae8d6711-accf-4376-b697-f9001719dde0}</UniqueIdentifier>
    </Filter>
    <Filter Include="GameObject\Object">
      <UniqueIdentifier>{c80ce99c-8dad-411f-865c-655b66f9fc84}</UniqueIdentifier>
    </Filter>
    <Filter Include="GameObject\UI">
      <UniqueIdentifier>{e5d6cbed-5261-4971-af8f-ec20ed78eab8}</UniqueIdentifier>
    </Filter>
    <Filter Include="GameObject\UI\Base">
      <UniqueIdentifier>{ed2b6fa4-fcc1-4177-849c-4904093f3812}</UniqueIdentifier>
    </Filter>
  </ItemGroup>
  <ItemGroup>
    <FxCompile Include="VS_Object.hlsl">
      <Filter>リソース ファイル\VertexShader</Filter>
    </FxCompile>
    <FxCompile Include="PS_TexColor.hlsl">
      <Filter>リソース ファイル\PixelShader</Filter>
    </FxCompile>
    <FxCompile Include="PS_GouraudShading.hlsl">
      <Filter>リソース ファイル\PixelShader</Filter>
    </FxCompile>
    <FxCompile Include="PS_Color.hlsl">
      <Filter>リソース ファイル\PixelShader</Filter>
    </FxCompile>
    <FxCompile Include="PS_Frame.hlsl">
      <Filter>リソース ファイル\PixelShader</Filter>
    </FxCompile>
  </ItemGroup>
  <ItemGroup>
    <ClCompile Include="DirectX.cpp">
      <Filter>System</Filter>
    </ClCompile>
    <ClCompile Include="Geometory.cpp">
      <Filter>System</Filter>
    </ClCompile>
    <ClCompile Include="Input.cpp">
      <Filter>System</Filter>
    </ClCompile>
    <ClCompile Include="Model.cpp">
      <Filter>System</Filter>
    </ClCompile>
    <ClCompile Include="MeshBuffer.cpp">
      <Filter>System</Filter>
    </ClCompile>
    <ClCompile Include="Main.cpp">
      <Filter>Startup</Filter>
    </ClCompile>
    <ClCompile Include="SceneGame.cpp">
      <Filter>Scene</Filter>
    </ClCompile>
    <ClCompile Include="SceneBase.cpp">
      <Filter>Scene</Filter>
    </ClCompile>
    <ClCompile Include="Shader.cpp">
      <Filter>System</Filter>
    </ClCompile>
    <ClCompile Include="Sprite.cpp">
      <Filter>System</Filter>
    </ClCompile>
    <ClCompile Include="Startup.cpp">
      <Filter>Startup</Filter>
    </ClCompile>
    <ClCompile Include="Texture.cpp">
      <Filter>System</Filter>
    </ClCompile>
    <ClCompile Include="CameraBase.cpp">
      <Filter>GameObject\Camera\Base</Filter>
    </ClCompile>
    <ClCompile Include="SceneRoot.cpp">
      <Filter>Scene</Filter>
    </ClCompile>
    <ClCompile Include="ObjectBase.cpp">
      <Filter>GameObject\Object</Filter>
    </ClCompile>
    <ClCompile Include="Player.cpp">
      <Filter>GameObject\Object</Filter>
    </ClCompile>
    <ClCompile Include="Enemy.cpp">
      <Filter>GameObject\Object</Filter>
    </ClCompile>
    <ClCompile Include="Stage.cpp">
      <Filter>GameObject\Object</Filter>
    </ClCompile>
    <ClCompile Include="CameraGameMain.cpp">
      <Filter>GameObject\Camera</Filter>
    </ClCompile>
    <ClCompile Include="MoveLight.cpp">
      <Filter>GameObject\Light</Filter>
    </ClCompile>
    <ClCompile Include="ShaderManager.cpp">
      <Filter>Manager</Filter>
    </ClCompile>
    <ClCompile Include="StageObject.cpp">
      <Filter>GameObject\Object</Filter>
    </ClCompile>
    <ClCompile Include="CameraDebug.cpp">
      <Filter>GameObject\Camera</Filter>
    </ClCompile>
    <ClCompile Include="LightBase.cpp">
      <Filter>GameObject\Light\Base</Filter>
    </ClCompile>
    <ClCompile Include="ModelManager.cpp">
      <Filter>Manager</Filter>
    </ClCompile>
    <ClCompile Include="MenuUI.cpp">
      <Filter>GameObject\UI</Filter>
    </ClCompile>
    <ClCompile Include="Dice.cpp">
      <Filter>GameObject\Object</Filter>
    </ClCompile>
    <ClCompile Include="Timer.cpp">
      <Filter>System</Filter>
    </ClCompile>
    <ClCompile Include="SpriteManager.cpp">
      <Filter>Manager</Filter>
    </ClCompile>
    <ClCompile Include="BG.cpp">
      <Filter>GameObject\Object</Filter>
    </ClCompile>
    <ClCompile Include="TextUI.cpp">
      <Filter>GameObject\UI\Base</Filter>
    </ClCompile>
    <ClCompile Include="GameUI.cpp">
      <Filter>GameObject\UI\Base</Filter>
    </ClCompile>
    <ClCompile Include="PlayerUI.cpp">
      <Filter>GameObject\UI</Filter>
    </ClCompile>
    <ClCompile Include="UIBase.cpp">
      <Filter>GameObject\UI\Base</Filter>
    </ClCompile>
    <ClCompile Include="TurnUI.cpp">
      <Filter>GameObject\UI</Filter>
    </ClCompile>
    <ClCompile Include="GameEndUI.cpp">
      <Filter>GameObject\UI</Filter>
    </ClCompile>
  </ItemGroup>
  <ItemGroup>
    <ClInclude Include="Defines.h">
      <Filter>System</Filter>
    </ClInclude>
    <ClInclude Include="DirectX.h">
      <Filter>System</Filter>
    </ClInclude>
    <ClInclude Include="Geometory.h">
      <Filter>System</Filter>
    </ClInclude>
    <ClInclude Include="Input.h">
      <Filter>System</Filter>
    </ClInclude>
    <ClInclude Include="Model.h">
      <Filter>System</Filter>
    </ClInclude>
    <ClInclude Include="MeshBuffer.h">
      <Filter>System</Filter>
    </ClInclude>
    <ClInclude Include="Main.h">
      <Filter>Startup</Filter>
    </ClInclude>
    <ClInclude Include="SceneGame.h">
      <Filter>Scene</Filter>
    </ClInclude>
    <ClInclude Include="SceneBase.hpp">
      <Filter>Scene</Filter>
    </ClInclude>
    <ClInclude Include="Shader.h">
      <Filter>System</Filter>
    </ClInclude>
    <ClInclude Include="Sprite.h">
      <Filter>System</Filter>
    </ClInclude>
    <ClInclude Include="Texture.h">
      <Filter>System</Filter>
    </ClInclude>
    <ClInclude Include="CameraBase.h">
      <Filter>GameObject\Camera\Base</Filter>
    </ClInclude>
    <ClInclude Include="SceneRoot.h">
      <Filter>Scene</Filter>
    </ClInclude>
    <ClInclude Include="ObjectBase.h">
      <Filter>GameObject\Object</Filter>
    </ClInclude>
    <ClInclude Include="Player.h">
      <Filter>GameObject\Object</Filter>
    </ClInclude>
    <ClInclude Include="BaseProperty.h">
      <Filter>GameObject\Object</Filter>
    </ClInclude>
    <ClInclude Include="Enemy.h">
      <Filter>GameObject\Object</Filter>
    </ClInclude>
    <ClInclude Include="resource.h" />
    <ClInclude Include="Stage.h">
      <Filter>GameObject\Object</Filter>
    </ClInclude>
    <ClInclude Include="CameraGameMain.h">
      <Filter>GameObject\Camera</Filter>
    </ClInclude>
    <ClInclude Include="MoveLight.h">
      <Filter>GameObject\Light</Filter>
    </ClInclude>
    <ClInclude Include="ShaderManager.h">
      <Filter>Manager</Filter>
    </ClInclude>
    <ClInclude Include="StageObject.h">
      <Filter>GameObject\Object</Filter>
    </ClInclude>
    <ClInclude Include="CameraDebug.h">
      <Filter>GameObject\Camera</Filter>
    </ClInclude>
    <ClInclude Include="LightBase.h">
      <Filter>GameObject\Light\Base</Filter>
    </ClInclude>
    <ClInclude Include="ModelManager.h">
      <Filter>Manager</Filter>
    </ClInclude>
    <ClInclude Include="MenuUI.h">
      <Filter>GameObject\UI</Filter>
    </ClInclude>
    <ClInclude Include="Dice.h">
      <Filter>GameObject\Object</Filter>
    </ClInclude>
    <ClInclude Include="Timer.h">
      <Filter>System</Filter>
    </ClInclude>
    <ClInclude Include="SpriteManager.h">
      <Filter>Manager</Filter>
    </ClInclude>
    <ClInclude Include="BG.h">
      <Filter>GameObject\Object</Filter>
    </ClInclude>
    <ClInclude Include="TextUI.h">
      <Filter>GameObject\UI\Base</Filter>
    </ClInclude>
    <ClInclude Include="GameUI.h">
      <Filter>GameObject\UI\Base</Filter>
    </ClInclude>
    <ClInclude Include="PlayerUI.h">
      <Filter>GameObject\UI</Filter>
    </ClInclude>
    <ClInclude Include="UIBase.h">
      <Filter>GameObject\UI\Base</Filter>
    </ClInclude>
    <ClInclude Include="TurnUI.h">
      <Filter>GameObject\UI</Filter>
    </ClInclude>
    <ClInclude Include="GameEndUI.h">
      <Filter>GameObject\UI</Filter>
    </ClInclude>
  </ItemGroup>
  <ItemGroup>
    <ResourceCompile Include="ShaderProject.rc">
      <Filter>リソース ファイル</Filter>
    </ResourceCompile>
  </ItemGroup>
</Project>