
Microsoft Visual Studio Solution File, Format Version 12.00
# Visual Studio Version 16
VisualStudioVersion = 16.0.30611.23
MinimumVisualStudioVersion = 10.0.40219.1
Project("{8BC9CEB8-8B4A-11D0-8D11-00A0C91BC942}") = "ShaderProject", "ShaderProject\ShaderProject.vcxproj", "{D90E9305-071E-4685-A79B-5D1E03D69DD9}"
EndProject
Global
	GlobalSection(SolutionConfigurationPlatforms) = preSolution
		Debug|x64 = Debug|x64
		Debug|x86 = Debug|x86
		Release|x64 = Release|x64
		Release|x86 = Release|x86
	EndGlobalSection
	GlobalSection(ProjectConfigurationPlatforms) = postSolution
		{D90E9305-071E-4685-A79B-5D1E03D69DD9}.Debug|x64.ActiveCfg = Debug|x64
		{D90E9305-071E-4685-A79B-5D1E03D69DD9}.Debug|x64.Build.0 = Debug|x64
		{D90E9305-071E-4685-A79B-5D1E03D69DD9}.Debug|x86.ActiveCfg = Debug|Win32
		{D90E9305-071E-4685-A79B-5D1E03D69DD9}.Debug|x86.Build.0 = Debug|Win32
		{D90E9305-071E-4685-A79B-5D1E03D69DD9}.Release|x64.ActiveCfg = Release|x64
		{D90E9305-071E-4685-A79B-5D1E03D69DD9}.Release|x64.Build.0 = Release|x64
		{D90E9305-071E-4685-A79B-5D1E03D69DD9}.Release|x86.ActiveCfg = Release|Win32
		{D90E9305-071E-4685-A79B-5D1E03D69DD9}.Release|x86.Build.0 = Release|Win32
	EndGlobalSection
	GlobalSection(SolutionProperties) = preSolution
		HideSolutionNode = FALSE
	EndGlobalSection
	GlobalSection(ExtensibilityGlobals) = postSolution
		SolutionGuid = {5E5E3E66-7673-4755-8BC6-A261F02D1EDB}
	EndGlobalSection
EndGlobal
